
Microsoft Visual Studio Solution File, Format Version 12.00
# Visual Studio Version 17
VisualStudioVersion = 17.8.34330.188
MinimumVisualStudioVersion = 10.0.40219.1
Project("{9A19103F-16F7-4668-BE54-9A1E7A4F7556}") = "AdventOfPerformance", "AdventOfPerformance\AdventOfPerformance.csproj", "{E11FC33F-4866-450A-8D6B-77804B2EE150}"
EndProject
Project("{2150E333-8FDC-42A3-9474-1A3956D46DE8}") = "Solution Items", "Solution Items", "{601F43FE-AABC-474B-9FF3-428FBAFFF55C}"
	ProjectSection(SolutionItems) = preProject
		.editorconfig = .editorconfig
	EndProjectSection
EndProject
Global
	GlobalSection(SolutionConfigurationPlatforms) = preSolution
		Debug|Any CPU = Debug|Any CPU
		Release|Any CPU = Release|Any CPU
	EndGlobalSection
	GlobalSection(ProjectConfigurationPlatforms) = postSolution
		{E11FC33F-4866-450A-8D6B-77804B2EE150}.Debug|Any CPU.ActiveCfg = Debug|Any CPU
		{E11FC33F-4866-450A-8D6B-77804B2EE150}.Debug|Any CPU.Build.0 = Debug|Any CPU
		{E11FC33F-4866-450A-8D6B-77804B2EE150}.Release|Any CPU.ActiveCfg = Release|Any CPU
		{E11FC33F-4866-450A-8D6B-77804B2EE150}.Release|Any CPU.Build.0 = Release|Any CPU
		{5C3544B4-1A61-40B7-B408-55D6E285B5C6}.Debug|Any CPU.ActiveCfg = Debug|Any CPU
		{5C3544B4-1A61-40B7-B408-55D6E285B5C6}.Debug|Any CPU.Build.0 = Debug|Any CPU
		{5C3544B4-1A61-40B7-B408-55D6E285B5C6}.Release|Any CPU.ActiveCfg = Release|Any CPU
		{5C3544B4-1A61-40B7-B408-55D6E285B5C6}.Release|Any CPU.Build.0 = Release|Any CPU
	EndGlobalSection
	GlobalSection(SolutionProperties) = preSolution
		HideSolutionNode = FALSE
	EndGlobalSection
	GlobalSection(ExtensibilityGlobals) = postSolution
		SolutionGuid = {98AFE00F-DF33-4CDD-AF55-70FCAA747F80}
	EndGlobalSection
EndGlobal
